// !$*UTF8*$!
{
	archiveVersion = 1;
	classes = {
	};
	objectVersion = 46;
	objects = {

/* Begin PBXBuildFile section */
		0DDF90E7158A1A0F00D44611 /* Cocoa.framework in Frameworks */ = {isa = PBXBuildFile; fileRef = 0DDF90E6158A1A0F00D44611 /* Cocoa.framework */; };
		0DDF90F1158A1A0F00D44611 /* InfoPlist.strings in Resources */ = {isa = PBXBuildFile; fileRef = 0DDF90EF158A1A0F00D44611 /* InfoPlist.strings */; };
		0DDF90F3158A1A0F00D44611 /* main.m in Sources */ = {isa = PBXBuildFile; fileRef = 0DDF90F2158A1A0F00D44611 /* main.m */; };
		0DDF90F7158A1A0F00D44611 /* Credits.rtf in Resources */ = {isa = PBXBuildFile; fileRef = 0DDF90F5158A1A0F00D44611 /* Credits.rtf */; };
		0DDF90FA158A1A0F00D44611 /* MF_AppDelegate.m in Sources */ = {isa = PBXBuildFile; fileRef = 0DDF90F9158A1A0F00D44611 /* MF_AppDelegate.m */; };
		0DDF90FD158A1A1000D44611 /* MainMenu.xib in Resources */ = {isa = PBXBuildFile; fileRef = 0DDF90FB158A1A1000D44611 /* MainMenu.xib */; };
		0DDF910A158A1E2800D44611 /* MF_Base32Additions.m in Sources */ = {isa = PBXBuildFile; fileRef = 0DDF9109158A1E2800D44611 /* MF_Base32Additions.m */; };
		C996EC681A74F2190076B105 /* Base32.h in Headers */ = {isa = PBXBuildFile; fileRef = C996EC671A74F2190076B105 /* Base32.h */; settings = {ATTRIBUTES = (Public, ); }; };
		C996EC6E1A74F2190076B105 /* Base32.framework in Frameworks */ = {isa = PBXBuildFile; fileRef = C996EC631A74F2180076B105 /* Base32.framework */; };
		C996EC751A74F2190076B105 /* Base32Tests.m in Sources */ = {isa = PBXBuildFile; fileRef = C996EC741A74F2190076B105 /* Base32Tests.m */; };
		C996EC7C1A74F2C80076B105 /* MF_Base32Additions.m in Sources */ = {isa = PBXBuildFile; fileRef = 0DDF9109158A1E2800D44611 /* MF_Base32Additions.m */; };
		C996EC7D1A74F2CC0076B105 /* MF_Base32Additions.h in Headers */ = {isa = PBXBuildFile; fileRef = 0DDF9108158A1E2800D44611 /* MF_Base32Additions.h */; settings = {ATTRIBUTES = (Public, ); }; };
		C996ECAA1A7500D40076B105 /* Base32.framework in Frameworks */ = {isa = PBXBuildFile; fileRef = C996EC9F1A7500D30076B105 /* Base32.framework */; };
		C996ECB81A75036C0076B105 /* Base32Tests.m in Sources */ = {isa = PBXBuildFile; fileRef = C996EC741A74F2190076B105 /* Base32Tests.m */; };
		C996ECB91A7503860076B105 /* MF_Base32Additions.m in Sources */ = {isa = PBXBuildFile; fileRef = 0DDF9109158A1E2800D44611 /* MF_Base32Additions.m */; };
		C996ECBA1A7503930076B105 /* MF_Base32Additions.h in Headers */ = {isa = PBXBuildFile; fileRef = 0DDF9108158A1E2800D44611 /* MF_Base32Additions.h */; settings = {ATTRIBUTES = (Public, ); }; };
		C996ECBB1A7503980076B105 /* Base32.h in Headers */ = {isa = PBXBuildFile; fileRef = C996EC671A74F2190076B105 /* Base32.h */; settings = {ATTRIBUTES = (Public, ); }; };
/* End PBXBuildFile section */

/* Begin PBXContainerItemProxy section */
		C996EC6F1A74F2190076B105 /* PBXContainerItemProxy */ = {
			isa = PBXContainerItemProxy;
			containerPortal = 0DDF90D9158A1A0F00D44611 /* Project object */;
			proxyType = 1;
			remoteGlobalIDString = C996EC621A74F2180076B105;
			remoteInfo = Base32;
		};
		C996ECAB1A7500D40076B105 /* PBXContainerItemProxy */ = {
			isa = PBXContainerItemProxy;
			containerPortal = 0DDF90D9158A1A0F00D44611 /* Project object */;
			proxyType = 1;
			remoteGlobalIDString = C996EC9E1A7500D30076B105;
			remoteInfo = Base32;
		};
/* End PBXContainerItemProxy section */

/* Begin PBXFileReference section */
		0DDF90E2158A1A0F00D44611 /* Base32Tool.app */ = {isa = PBXFileReference; explicitFileType = wrapper.application; includeInIndex = 0; path = Base32Tool.app; sourceTree = BUILT_PRODUCTS_DIR; };
		0DDF90E6158A1A0F00D44611 /* Cocoa.framework */ = {isa = PBXFileReference; lastKnownFileType = wrapper.framework; name = Cocoa.framework; path = System/Library/Frameworks/Cocoa.framework; sourceTree = SDKROOT; };
		0DDF90E9158A1A0F00D44611 /* AppKit.framework */ = {isa = PBXFileReference; lastKnownFileType = wrapper.framework; name = AppKit.framework; path = System/Library/Frameworks/AppKit.framework; sourceTree = SDKROOT; };
		0DDF90EA158A1A0F00D44611 /* CoreData.framework */ = {isa = PBXFileReference; lastKnownFileType = wrapper.framework; name = CoreData.framework; path = System/Library/Frameworks/CoreData.framework; sourceTree = SDKROOT; };
		0DDF90EB158A1A0F00D44611 /* Foundation.framework */ = {isa = PBXFileReference; lastKnownFileType = wrapper.framework; name = Foundation.framework; path = System/Library/Frameworks/Foundation.framework; sourceTree = SDKROOT; };
		0DDF90EE158A1A0F00D44611 /* Base32-Info.plist */ = {isa = PBXFileReference; lastKnownFileType = text.plist.xml; path = "Base32-Info.plist"; sourceTree = "<group>"; };
		0DDF90F0158A1A0F00D44611 /* en */ = {isa = PBXFileReference; lastKnownFileType = text.plist.strings; name = en; path = en.lproj/InfoPlist.strings; sourceTree = "<group>"; };
		0DDF90F2158A1A0F00D44611 /* main.m */ = {isa = PBXFileReference; lastKnownFileType = sourcecode.c.objc; path = main.m; sourceTree = "<group>"; };
		0DDF90F4158A1A0F00D44611 /* Base32-Prefix.pch */ = {isa = PBXFileReference; lastKnownFileType = sourcecode.c.h; path = "Base32-Prefix.pch"; sourceTree = "<group>"; };
		0DDF90F6158A1A0F00D44611 /* en */ = {isa = PBXFileReference; lastKnownFileType = text.rtf; name = en; path = en.lproj/Credits.rtf; sourceTree = "<group>"; };
		0DDF90F8158A1A0F00D44611 /* MF_AppDelegate.h */ = {isa = PBXFileReference; lastKnownFileType = sourcecode.c.h; path = MF_AppDelegate.h; sourceTree = "<group>"; };
		0DDF90F9158A1A0F00D44611 /* MF_AppDelegate.m */ = {isa = PBXFileReference; lastKnownFileType = sourcecode.c.objc; path = MF_AppDelegate.m; sourceTree = "<group>"; };
		0DDF90FC158A1A1000D44611 /* en */ = {isa = PBXFileReference; lastKnownFileType = file.xib; name = en; path = en.lproj/MainMenu.xib; sourceTree = "<group>"; };
		0DDF9108158A1E2800D44611 /* MF_Base32Additions.h */ = {isa = PBXFileReference; fileEncoding = 4; lastKnownFileType = sourcecode.c.h; path = MF_Base32Additions.h; sourceTree = "<group>"; };
		0DDF9109158A1E2800D44611 /* MF_Base32Additions.m */ = {isa = PBXFileReference; fileEncoding = 4; lastKnownFileType = sourcecode.c.objc; path = MF_Base32Additions.m; sourceTree = "<group>"; };
		C996EC631A74F2180076B105 /* Base32.framework */ = {isa = PBXFileReference; explicitFileType = wrapper.framework; includeInIndex = 0; path = Base32.framework; sourceTree = BUILT_PRODUCTS_DIR; };
		C996EC661A74F2190076B105 /* Info.plist */ = {isa = PBXFileReference; lastKnownFileType = text.plist.xml; path = Info.plist; sourceTree = "<group>"; };
		C996EC671A74F2190076B105 /* Base32.h */ = {isa = PBXFileReference; lastKnownFileType = sourcecode.c.h; path = Base32.h; sourceTree = "<group>"; };
		C996EC6D1A74F2190076B105 /* Base32Tests.xctest */ = {isa = PBXFileReference; explicitFileType = wrapper.cfbundle; includeInIndex = 0; path = Base32Tests.xctest; sourceTree = BUILT_PRODUCTS_DIR; };
		C996EC741A74F2190076B105 /* Base32Tests.m */ = {isa = PBXFileReference; lastKnownFileType = sourcecode.c.objc; path = Base32Tests.m; sourceTree = "<group>"; };
		C996EC821A74FA390076B105 /* Debug.xcconfig */ = {isa = PBXFileReference; lastKnownFileType = text.xcconfig; name = Debug.xcconfig; path = Configurations/Debug.xcconfig; sourceTree = "<group>"; };
		C996EC831A74FA390076B105 /* Profile.xcconfig */ = {isa = PBXFileReference; lastKnownFileType = text.xcconfig; name = Profile.xcconfig; path = Configurations/Profile.xcconfig; sourceTree = "<group>"; };
		C996EC841A74FA390076B105 /* Release.xcconfig */ = {isa = PBXFileReference; lastKnownFileType = text.xcconfig; name = Release.xcconfig; path = Configurations/Release.xcconfig; sourceTree = "<group>"; };
		C996EC851A74FA390076B105 /* Test.xcconfig */ = {isa = PBXFileReference; lastKnownFileType = text.xcconfig; name = Test.xcconfig; path = Configurations/Test.xcconfig; sourceTree = "<group>"; };
		C996EC8F1A74FA390076B105 /* iOS-Application.xcconfig */ = {isa = PBXFileReference; lastKnownFileType = text.xcconfig; path = "iOS-Application.xcconfig"; sourceTree = "<group>"; };
		C996EC911A74FA390076B105 /* iOS-Framework.xcconfig */ = {isa = PBXFileReference; lastKnownFileType = text.xcconfig; path = "iOS-Framework.xcconfig"; sourceTree = "<group>"; };
		C996EC921A74FA390076B105 /* iOS-StaticLibrary.xcconfig */ = {isa = PBXFileReference; lastKnownFileType = text.xcconfig; path = "iOS-StaticLibrary.xcconfig"; sourceTree = "<group>"; };
		C996EC941A74FA390076B105 /* Mac-Application.xcconfig */ = {isa = PBXFileReference; lastKnownFileType = text.xcconfig; path = "Mac-Application.xcconfig"; sourceTree = "<group>"; };
		C996EC961A74FA390076B105 /* Mac-DynamicLibrary.xcconfig */ = {isa = PBXFileReference; lastKnownFileType = text.xcconfig; path = "Mac-DynamicLibrary.xcconfig"; sourceTree = "<group>"; };
		C996EC971A74FA390076B105 /* Mac-Framework.xcconfig */ = {isa = PBXFileReference; lastKnownFileType = text.xcconfig; path = "Mac-Framework.xcconfig"; sourceTree = "<group>"; };
		C996EC981A74FA390076B105 /* Mac-StaticLibrary.xcconfig */ = {isa = PBXFileReference; lastKnownFileType = text.xcconfig; path = "Mac-StaticLibrary.xcconfig"; sourceTree = "<group>"; };
		C996EC9F1A7500D30076B105 /* Base32.framework */ = {isa = PBXFileReference; explicitFileType = wrapper.framework; includeInIndex = 0; path = Base32.framework; sourceTree = BUILT_PRODUCTS_DIR; };
		C996ECA91A7500D30076B105 /* Base32Tests.xctest */ = {isa = PBXFileReference; explicitFileType = wrapper.cfbundle; includeInIndex = 0; path = Base32Tests.xctest; sourceTree = BUILT_PRODUCTS_DIR; };
/* End PBXFileReference section */

/* Begin PBXFrameworksBuildPhase section */
		0DDF90DF158A1A0F00D44611 /* Frameworks */ = {
			isa = PBXFrameworksBuildPhase;
			buildActionMask = 2147483647;
			files = (
				0DDF90E7158A1A0F00D44611 /* Cocoa.framework in Frameworks */,
			);
			runOnlyForDeploymentPostprocessing = 0;
		};
		C996EC5F1A74F2180076B105 /* Frameworks */ = {
			isa = PBXFrameworksBuildPhase;
			buildActionMask = 2147483647;
			files = (
			);
			runOnlyForDeploymentPostprocessing = 0;
		};
		C996EC6A1A74F2190076B105 /* Frameworks */ = {
			isa = PBXFrameworksBuildPhase;
			buildActionMask = 2147483647;
			files = (
				C996EC6E1A74F2190076B105 /* Base32.framework in Frameworks */,
			);
			runOnlyForDeploymentPostprocessing = 0;
		};
		C996EC9B1A7500D30076B105 /* Frameworks */ = {
			isa = PBXFrameworksBuildPhase;
			buildActionMask = 2147483647;
			files = (
			);
			runOnlyForDeploymentPostprocessing = 0;
		};
		C996ECA61A7500D30076B105 /* Frameworks */ = {
			isa = PBXFrameworksBuildPhase;
			buildActionMask = 2147483647;
			files = (
				C996ECAA1A7500D40076B105 /* Base32.framework in Frameworks */,
			);
			runOnlyForDeploymentPostprocessing = 0;
		};
/* End PBXFrameworksBuildPhase section */

/* Begin PBXGroup section */
		0DDF90D7158A1A0F00D44611 = {
			isa = PBXGroup;
			children = (
				0DDF90EC158A1A0F00D44611 /* Base32 */,
				C996EC641A74F2190076B105 /* Base32 */,
				C996EC711A74F2190076B105 /* Base32Tests */,
				0DDF90E5158A1A0F00D44611 /* Frameworks */,
				C996EC7E1A74FA390076B105 /* xcconfigs */,
				0DDF90E3158A1A0F00D44611 /* Products */,
			);
			sourceTree = "<group>";
		};
		0DDF90E3158A1A0F00D44611 /* Products */ = {
			isa = PBXGroup;
			children = (
				0DDF90E2158A1A0F00D44611 /* Base32Tool.app */,
				C996EC631A74F2180076B105 /* Base32.framework */,
				C996EC6D1A74F2190076B105 /* Base32Tests.xctest */,
				C996EC9F1A7500D30076B105 /* Base32.framework */,
				C996ECA91A7500D30076B105 /* Base32Tests.xctest */,
			);
			name = Products;
			sourceTree = "<group>";
		};
		0DDF90E5158A1A0F00D44611 /* Frameworks */ = {
			isa = PBXGroup;
			children = (
				0DDF90E6158A1A0F00D44611 /* Cocoa.framework */,
				0DDF90E8158A1A0F00D44611 /* Other Frameworks */,
			);
			name = Frameworks;
			sourceTree = "<group>";
		};
		0DDF90E8158A1A0F00D44611 /* Other Frameworks */ = {
			isa = PBXGroup;
			children = (
				0DDF90E9158A1A0F00D44611 /* AppKit.framework */,
				0DDF90EA158A1A0F00D44611 /* CoreData.framework */,
				0DDF90EB158A1A0F00D44611 /* Foundation.framework */,
			);
			name = "Other Frameworks";
			sourceTree = "<group>";
		};
		0DDF90EC158A1A0F00D44611 /* Base32 */ = {
			isa = PBXGroup;
			children = (
				0DDF90F8158A1A0F00D44611 /* MF_AppDelegate.h */,
				0DDF90F9158A1A0F00D44611 /* MF_AppDelegate.m */,
				0DDF90FB158A1A1000D44611 /* MainMenu.xib */,
				0DDF90ED158A1A0F00D44611 /* Supporting Files */,
			);
			path = Base32;
			sourceTree = "<group>";
		};
		0DDF90ED158A1A0F00D44611 /* Supporting Files */ = {
			isa = PBXGroup;
			children = (
				0DDF90EE158A1A0F00D44611 /* Base32-Info.plist */,
				0DDF90EF158A1A0F00D44611 /* InfoPlist.strings */,
				0DDF90F2158A1A0F00D44611 /* main.m */,
				0DDF90F4158A1A0F00D44611 /* Base32-Prefix.pch */,
				0DDF90F5158A1A0F00D44611 /* Credits.rtf */,
			);
			name = "Supporting Files";
			sourceTree = "<group>";
		};
		C996EC641A74F2190076B105 /* Base32 */ = {
			isa = PBXGroup;
			children = (
				C996EC671A74F2190076B105 /* Base32.h */,
				0DDF9108158A1E2800D44611 /* MF_Base32Additions.h */,
				0DDF9109158A1E2800D44611 /* MF_Base32Additions.m */,
				C996EC651A74F2190076B105 /* Supporting Files */,
			);
			path = Base32;
			sourceTree = "<group>";
		};
		C996EC651A74F2190076B105 /* Supporting Files */ = {
			isa = PBXGroup;
			children = (
				C996EC661A74F2190076B105 /* Info.plist */,
			);
			name = "Supporting Files";
			sourceTree = "<group>";
		};
		C996EC711A74F2190076B105 /* Base32Tests */ = {
			isa = PBXGroup;
			children = (
				C996EC741A74F2190076B105 /* Base32Tests.m */,
			);
			path = Base32Tests;
			sourceTree = "<group>";
		};
		C996EC7E1A74FA390076B105 /* xcconfigs */ = {
			isa = PBXGroup;
			children = (
				C996EC7F1A74FA390076B105 /* Base */,
				C996EC8E1A74FA390076B105 /* iOS */,
				C996EC931A74FA390076B105 /* Mac OS X */,
			);
			name = xcconfigs;
			path = Carthage/Checkouts/xcconfigs;
			sourceTree = "<group>";
		};
		C996EC7F1A74FA390076B105 /* Base */ = {
			isa = PBXGroup;
			children = (
				C996EC821A74FA390076B105 /* Debug.xcconfig */,
				C996EC831A74FA390076B105 /* Profile.xcconfig */,
				C996EC841A74FA390076B105 /* Release.xcconfig */,
				C996EC851A74FA390076B105 /* Test.xcconfig */,
			);
			path = Base;
			sourceTree = "<group>";
		};
		C996EC8E1A74FA390076B105 /* iOS */ = {
			isa = PBXGroup;
			children = (
				C996EC8F1A74FA390076B105 /* iOS-Application.xcconfig */,
				C996EC911A74FA390076B105 /* iOS-Framework.xcconfig */,
				C996EC921A74FA390076B105 /* iOS-StaticLibrary.xcconfig */,
			);
			path = iOS;
			sourceTree = "<group>";
		};
		C996EC931A74FA390076B105 /* Mac OS X */ = {
			isa = PBXGroup;
			children = (
				C996EC941A74FA390076B105 /* Mac-Application.xcconfig */,
				C996EC961A74FA390076B105 /* Mac-DynamicLibrary.xcconfig */,
				C996EC971A74FA390076B105 /* Mac-Framework.xcconfig */,
				C996EC981A74FA390076B105 /* Mac-StaticLibrary.xcconfig */,
			);
			path = "Mac OS X";
			sourceTree = "<group>";
		};
/* End PBXGroup section */

/* Begin PBXHeadersBuildPhase section */
		C996EC601A74F2180076B105 /* Headers */ = {
			isa = PBXHeadersBuildPhase;
			buildActionMask = 2147483647;
			files = (
				C996EC681A74F2190076B105 /* Base32.h in Headers */,
				C996EC7D1A74F2CC0076B105 /* MF_Base32Additions.h in Headers */,
			);
			runOnlyForDeploymentPostprocessing = 0;
		};
		C996EC9C1A7500D30076B105 /* Headers */ = {
			isa = PBXHeadersBuildPhase;
			buildActionMask = 2147483647;
			files = (
				C996ECBB1A7503980076B105 /* Base32.h in Headers */,
				C996ECBA1A7503930076B105 /* MF_Base32Additions.h in Headers */,
			);
			runOnlyForDeploymentPostprocessing = 0;
		};
/* End PBXHeadersBuildPhase section */

/* Begin PBXNativeTarget section */
		0DDF90E1158A1A0F00D44611 /* Base32Tool */ = {
			isa = PBXNativeTarget;
			buildConfigurationList = 0DDF9100158A1A1000D44611 /* Build configuration list for PBXNativeTarget "Base32Tool" */;
			buildPhases = (
				0DDF90DE158A1A0F00D44611 /* Sources */,
				0DDF90DF158A1A0F00D44611 /* Frameworks */,
				0DDF90E0158A1A0F00D44611 /* Resources */,
			);
			buildRules = (
			);
			dependencies = (
			);
			name = Base32Tool;
			productName = Base32;
			productReference = 0DDF90E2158A1A0F00D44611 /* Base32Tool.app */;
			productType = "com.apple.product-type.application";
		};
		C996EC621A74F2180076B105 /* iOS-Base32 */ = {
			isa = PBXNativeTarget;
			buildConfigurationList = C996EC761A74F2190076B105 /* Build configuration list for PBXNativeTarget "iOS-Base32" */;
			buildPhases = (
				C996EC5E1A74F2180076B105 /* Sources */,
				C996EC5F1A74F2180076B105 /* Frameworks */,
				C996EC601A74F2180076B105 /* Headers */,
				C996EC611A74F2180076B105 /* Resources */,
			);
			buildRules = (
			);
			dependencies = (
			);
			name = "iOS-Base32";
			productName = Base32;
			productReference = C996EC631A74F2180076B105 /* Base32.framework */;
			productType = "com.apple.product-type.framework";
		};
		C996EC6C1A74F2190076B105 /* iOS-Base32Tests */ = {
			isa = PBXNativeTarget;
			buildConfigurationList = C996EC791A74F2190076B105 /* Build configuration list for PBXNativeTarget "iOS-Base32Tests" */;
			buildPhases = (
				C996EC691A74F2190076B105 /* Sources */,
				C996EC6A1A74F2190076B105 /* Frameworks */,
				C996EC6B1A74F2190076B105 /* Resources */,
			);
			buildRules = (
			);
			dependencies = (
				C996EC701A74F2190076B105 /* PBXTargetDependency */,
			);
			name = "iOS-Base32Tests";
			productName = Base32Tests;
			productReference = C996EC6D1A74F2190076B105 /* Base32Tests.xctest */;
			productType = "com.apple.product-type.bundle.unit-test";
		};
		C996EC9E1A7500D30076B105 /* Base32 */ = {
			isa = PBXNativeTarget;
			buildConfigurationList = C996ECB21A7500D40076B105 /* Build configuration list for PBXNativeTarget "Base32" */;
			buildPhases = (
				C996EC9A1A7500D30076B105 /* Sources */,
				C996EC9B1A7500D30076B105 /* Frameworks */,
				C996EC9C1A7500D30076B105 /* Headers */,
				C996EC9D1A7500D30076B105 /* Resources */,
			);
			buildRules = (
			);
			dependencies = (
			);
			name = Base32;
			productName = Base32;
			productReference = C996EC9F1A7500D30076B105 /* Base32.framework */;
			productType = "com.apple.product-type.framework";
		};
		C996ECA81A7500D30076B105 /* Base32Tests */ = {
			isa = PBXNativeTarget;
			buildConfigurationList = C996ECB51A7500D40076B105 /* Build configuration list for PBXNativeTarget "Base32Tests" */;
			buildPhases = (
				C996ECA51A7500D30076B105 /* Sources */,
				C996ECA61A7500D30076B105 /* Frameworks */,
				C996ECA71A7500D30076B105 /* Resources */,
			);
			buildRules = (
			);
			dependencies = (
				C996ECAC1A7500D40076B105 /* PBXTargetDependency */,
			);
			name = Base32Tests;
			productName = Base32Tests;
			productReference = C996ECA91A7500D30076B105 /* Base32Tests.xctest */;
			productType = "com.apple.product-type.bundle.unit-test";
		};
/* End PBXNativeTarget section */

/* Begin PBXProject section */
		0DDF90D9158A1A0F00D44611 /* Project object */ = {
			isa = PBXProject;
			attributes = {
				CLASSPREFIX = MF_;
				LastUpgradeCheck = 0610;
				ORGANIZATIONNAME = Freshcode;
				TargetAttributes = {
					C996EC621A74F2180076B105 = {
						CreatedOnToolsVersion = 6.1.1;
					};
					C996EC6C1A74F2190076B105 = {
						CreatedOnToolsVersion = 6.1.1;
					};
					C996EC9E1A7500D30076B105 = {
						CreatedOnToolsVersion = 6.1.1;
					};
					C996ECA81A7500D30076B105 = {
						CreatedOnToolsVersion = 6.1.1;
					};
				};
			};
			buildConfigurationList = 0DDF90DC158A1A0F00D44611 /* Build configuration list for PBXProject "Base32" */;
			compatibilityVersion = "Xcode 3.2";
			developmentRegion = English;
			hasScannedForEncodings = 0;
			knownRegions = (
				en,
			);
			mainGroup = 0DDF90D7158A1A0F00D44611;
			productRefGroup = 0DDF90E3158A1A0F00D44611 /* Products */;
			projectDirPath = "";
			projectRoot = "";
			targets = (
				0DDF90E1158A1A0F00D44611 /* Base32Tool */,
				C996EC621A74F2180076B105 /* iOS-Base32 */,
				C996EC6C1A74F2190076B105 /* iOS-Base32Tests */,
				C996EC9E1A7500D30076B105 /* Base32 */,
				C996ECA81A7500D30076B105 /* Base32Tests */,
			);
		};
/* End PBXProject section */

/* Begin PBXResourcesBuildPhase section */
		0DDF90E0158A1A0F00D44611 /* Resources */ = {
			isa = PBXResourcesBuildPhase;
			buildActionMask = 2147483647;
			files = (
				0DDF90F1158A1A0F00D44611 /* InfoPlist.strings in Resources */,
				0DDF90F7158A1A0F00D44611 /* Credits.rtf in Resources */,
				0DDF90FD158A1A1000D44611 /* MainMenu.xib in Resources */,
			);
			runOnlyForDeploymentPostprocessing = 0;
		};
		C996EC611A74F2180076B105 /* Resources */ = {
			isa = PBXResourcesBuildPhase;
			buildActionMask = 2147483647;
			files = (
			);
			runOnlyForDeploymentPostprocessing = 0;
		};
		C996EC6B1A74F2190076B105 /* Resources */ = {
			isa = PBXResourcesBuildPhase;
			buildActionMask = 2147483647;
			files = (
			);
			runOnlyForDeploymentPostprocessing = 0;
		};
		C996EC9D1A7500D30076B105 /* Resources */ = {
			isa = PBXResourcesBuildPhase;
			buildActionMask = 2147483647;
			files = (
			);
			runOnlyForDeploymentPostprocessing = 0;
		};
		C996ECA71A7500D30076B105 /* Resources */ = {
			isa = PBXResourcesBuildPhase;
			buildActionMask = 2147483647;
			files = (
			);
			runOnlyForDeploymentPostprocessing = 0;
		};
/* End PBXResourcesBuildPhase section */

/* Begin PBXSourcesBuildPhase section */
		0DDF90DE158A1A0F00D44611 /* Sources */ = {
			isa = PBXSourcesBuildPhase;
			buildActionMask = 2147483647;
			files = (
				0DDF90F3158A1A0F00D44611 /* main.m in Sources */,
				0DDF90FA158A1A0F00D44611 /* MF_AppDelegate.m in Sources */,
				0DDF910A158A1E2800D44611 /* MF_Base32Additions.m in Sources */,
			);
			runOnlyForDeploymentPostprocessing = 0;
		};
		C996EC5E1A74F2180076B105 /* Sources */ = {
			isa = PBXSourcesBuildPhase;
			buildActionMask = 2147483647;
			files = (
				C996EC7C1A74F2C80076B105 /* MF_Base32Additions.m in Sources */,
			);
			runOnlyForDeploymentPostprocessing = 0;
		};
		C996EC691A74F2190076B105 /* Sources */ = {
			isa = PBXSourcesBuildPhase;
			buildActionMask = 2147483647;
			files = (
				C996EC751A74F2190076B105 /* Base32Tests.m in Sources */,
			);
			runOnlyForDeploymentPostprocessing = 0;
		};
		C996EC9A1A7500D30076B105 /* Sources */ = {
			isa = PBXSourcesBuildPhase;
			buildActionMask = 2147483647;
			files = (
				C996ECB91A7503860076B105 /* MF_Base32Additions.m in Sources */,
			);
			runOnlyForDeploymentPostprocessing = 0;
		};
		C996ECA51A7500D30076B105 /* Sources */ = {
			isa = PBXSourcesBuildPhase;
			buildActionMask = 2147483647;
			files = (
				C996ECB81A75036C0076B105 /* Base32Tests.m in Sources */,
			);
			runOnlyForDeploymentPostprocessing = 0;
		};
/* End PBXSourcesBuildPhase section */

/* Begin PBXTargetDependency section */
		C996EC701A74F2190076B105 /* PBXTargetDependency */ = {
			isa = PBXTargetDependency;
			target = C996EC621A74F2180076B105 /* iOS-Base32 */;
			targetProxy = C996EC6F1A74F2190076B105 /* PBXContainerItemProxy */;
		};
		C996ECAC1A7500D40076B105 /* PBXTargetDependency */ = {
			isa = PBXTargetDependency;
			target = C996EC9E1A7500D30076B105 /* Base32 */;
			targetProxy = C996ECAB1A7500D40076B105 /* PBXContainerItemProxy */;
		};
/* End PBXTargetDependency section */

/* Begin PBXVariantGroup section */
		0DDF90EF158A1A0F00D44611 /* InfoPlist.strings */ = {
			isa = PBXVariantGroup;
			children = (
				0DDF90F0158A1A0F00D44611 /* en */,
			);
			name = InfoPlist.strings;
			sourceTree = "<group>";
		};
		0DDF90F5158A1A0F00D44611 /* Credits.rtf */ = {
			isa = PBXVariantGroup;
			children = (
				0DDF90F6158A1A0F00D44611 /* en */,
			);
			name = Credits.rtf;
			sourceTree = "<group>";
		};
		0DDF90FB158A1A1000D44611 /* MainMenu.xib */ = {
			isa = PBXVariantGroup;
			children = (
				0DDF90FC158A1A1000D44611 /* en */,
			);
			name = MainMenu.xib;
			sourceTree = "<group>";
		};
/* End PBXVariantGroup section */

/* Begin XCBuildConfiguration section */
		0DDF90FE158A1A1000D44611 /* Debug */ = {
			isa = XCBuildConfiguration;
			baseConfigurationReference = C996EC821A74FA390076B105 /* Debug.xcconfig */;
			buildSettings = {
				IPHONEOS_DEPLOYMENT_TARGET = 8.0;
				MACOSX_DEPLOYMENT_TARGET = 10.7;
				ONLY_ACTIVE_ARCH = YES;
				SDKROOT = macosx;
			};
			name = Debug;
		};
		0DDF90FF158A1A1000D44611 /* Release */ = {
			isa = XCBuildConfiguration;
			baseConfigurationReference = C996EC841A74FA390076B105 /* Release.xcconfig */;
			buildSettings = {
				IPHONEOS_DEPLOYMENT_TARGET = 8.0;
				MACOSX_DEPLOYMENT_TARGET = 10.7;
				SDKROOT = macosx;
			};
			name = Release;
		};
		0DDF9101158A1A1000D44611 /* Debug */ = {
			isa = XCBuildConfiguration;
			baseConfigurationReference = C996EC941A74FA390076B105 /* Mac-Application.xcconfig */;
			buildSettings = {
				GCC_PREFIX_HEADER = "Base32/Base32-Prefix.pch";
				INFOPLIST_FILE = "Base32/Base32-Info.plist";
				PRODUCT_NAME = "$(TARGET_NAME)";
				WRAPPER_EXTENSION = app;
			};
			name = Debug;
		};
		0DDF9102158A1A1000D44611 /* Release */ = {
			isa = XCBuildConfiguration;
			baseConfigurationReference = C996EC941A74FA390076B105 /* Mac-Application.xcconfig */;
			buildSettings = {
				GCC_PREFIX_HEADER = "Base32/Base32-Prefix.pch";
				INFOPLIST_FILE = "Base32/Base32-Info.plist";
				PRODUCT_NAME = "$(TARGET_NAME)";
				WRAPPER_EXTENSION = app;
			};
			name = Release;
		};
		C996EC771A74F2190076B105 /* Debug */ = {
			isa = XCBuildConfiguration;
			baseConfigurationReference = C996EC911A74FA390076B105 /* iOS-Framework.xcconfig */;
			buildSettings = {
				CODE_SIGN_IDENTITY = "iPhone Developer";
				CURRENT_PROJECT_VERSION = 1;
				DYLIB_COMPATIBILITY_VERSION = 1;
				DYLIB_CURRENT_VERSION = 1;
				DYLIB_INSTALL_NAME_BASE = "@rpath";
				INFOPLIST_FILE = Base32/Info.plist;
				PRODUCT_NAME = Base32;
				VERSIONING_SYSTEM = "apple-generic";
				VERSION_INFO_PREFIX = "";
			};
			name = Debug;
		};
		C996EC781A74F2190076B105 /* Release */ = {
			isa = XCBuildConfiguration;
			baseConfigurationReference = C996EC911A74FA390076B105 /* iOS-Framework.xcconfig */;
			buildSettings = {
				CODE_SIGN_IDENTITY = "iPhone Developer";
				CURRENT_PROJECT_VERSION = 1;
				DYLIB_COMPATIBILITY_VERSION = 1;
				DYLIB_CURRENT_VERSION = 1;
				DYLIB_INSTALL_NAME_BASE = "@rpath";
				INFOPLIST_FILE = Base32/Info.plist;
				PRODUCT_NAME = Base32;
				VERSIONING_SYSTEM = "apple-generic";
				VERSION_INFO_PREFIX = "";
			};
			name = Release;
		};
		C996EC7A1A74F2190076B105 /* Debug */ = {
			isa = XCBuildConfiguration;
			baseConfigurationReference = C996EC8F1A74FA390076B105 /* iOS-Application.xcconfig */;
			buildSettings = {
				PRODUCT_NAME = Base32Tests;
			};
			name = Debug;
		};
		C996EC7B1A74F2190076B105 /* Release */ = {
			isa = XCBuildConfiguration;
			baseConfigurationReference = C996EC8F1A74FA390076B105 /* iOS-Application.xcconfig */;
			buildSettings = {
				PRODUCT_NAME = Base32Tests;
			};
			name = Release;
		};
		C996ECB31A7500D40076B105 /* Debug */ = {
			isa = XCBuildConfiguration;
			baseConfigurationReference = C996EC971A74FA390076B105 /* Mac-Framework.xcconfig */;
			buildSettings = {
				CURRENT_PROJECT_VERSION = 1;
				DYLIB_COMPATIBILITY_VERSION = 1;
				DYLIB_CURRENT_VERSION = 1;
				DYLIB_INSTALL_NAME_BASE = "@rpath";
				FRAMEWORK_VERSION = A;
				INFOPLIST_FILE = Base32/Info.plist;
				PRODUCT_NAME = Base32;
				VERSIONING_SYSTEM = "apple-generic";
				VERSION_INFO_PREFIX = "";
			};
			name = Debug;
		};
		C996ECB41A7500D40076B105 /* Release */ = {
			isa = XCBuildConfiguration;
			baseConfigurationReference = C996EC971A74FA390076B105 /* Mac-Framework.xcconfig */;
			buildSettings = {
				CURRENT_PROJECT_VERSION = 1;
				DYLIB_COMPATIBILITY_VERSION = 1;
				DYLIB_CURRENT_VERSION = 1;
				DYLIB_INSTALL_NAME_BASE = "@rpath";
				FRAMEWORK_VERSION = A;
				INFOPLIST_FILE = Base32/Info.plist;
				PRODUCT_NAME = Base32;
				VERSIONING_SYSTEM = "apple-generic";
				VERSION_INFO_PREFIX = "";
			};
			name = Release;
		};
		C996ECB61A7500D40076B105 /* Debug */ = {
			isa = XCBuildConfiguration;
			baseConfigurationReference = C996EC941A74FA390076B105 /* Mac-Application.xcconfig */;
			buildSettings = {
				PRODUCT_NAME = Base32Tests;
			};
			name = Debug;
		};
		C996ECB71A7500D40076B105 /* Release */ = {
			isa = XCBuildConfiguration;
			baseConfigurationReference = C996EC941A74FA390076B105 /* Mac-Application.xcconfig */;
			buildSettings = {
				PRODUCT_NAME = Base32Tests;
			};
			name = Release;
		};
/* End XCBuildConfiguration section */

/* Begin XCConfigurationList section */
		0DDF90DC158A1A0F00D44611 /* Build configuration list for PBXProject "Base32" */ = {
			isa = XCConfigurationList;
			buildConfigurations = (
				0DDF90FE158A1A1000D44611 /* Debug */,
				0DDF90FF158A1A1000D44611 /* Release */,
			);
			defaultConfigurationIsVisible = 0;
			defaultConfigurationName = Release;
		};
		0DDF9100158A1A1000D44611 /* Build configuration list for PBXNativeTarget "Base32Tool" */ = {
			isa = XCConfigurationList;
			buildConfigurations = (
				0DDF9101158A1A1000D44611 /* Debug */,
				0DDF9102158A1A1000D44611 /* Release */,
			);
			defaultConfigurationIsVisible = 0;
			defaultConfigurationName = Release;
		};
		C996EC761A74F2190076B105 /* Build configuration list for PBXNativeTarget "iOS-Base32" */ = {
			isa = XCConfigurationList;
			buildConfigurations = (
				C996EC771A74F2190076B105 /* Debug */,
				C996EC781A74F2190076B105 /* Release */,
			);
			defaultConfigurationIsVisible = 0;
		};
		C996EC791A74F2190076B105 /* Build configuration list for PBXNativeTarget "iOS-Base32Tests" */ = {
			isa = XCConfigurationList;
			buildConfigurations = (
				C996EC7A1A74F2190076B105 /* Debug */,
				C996EC7B1A74F2190076B105 /* Release */,
			);
			defaultConfigurationIsVisible = 0;
		};
		C996ECB21A7500D40076B105 /* Build configuration list for PBXNativeTarget "Base32" */ = {
			isa = XCConfigurationList;
			buildConfigurations = (
				C996ECB31A7500D40076B105 /* Debug */,
				C996ECB41A7500D40076B105 /* Release */,
			);
			defaultConfigurationIsVisible = 0;
		};
		C996ECB51A7500D40076B105 /* Build configuration list for PBXNativeTarget "Base32Tests" */ = {
			isa = XCConfigurationList;
			buildConfigurations = (
				C996ECB61A7500D40076B105 /* Debug */,
				C996ECB71A7500D40076B105 /* Release */,
			);
			defaultConfigurationIsVisible = 0;
		};
/* End XCConfigurationList section */
	};
	rootObject = 0DDF90D9158A1A0F00D44611 /* Project object */;
}
